
Microsoft Visual Studio Solution File, Format Version 12.00
# Visual Studio Version 17
VisualStudioVersion = 17.9.34728.123
MinimumVisualStudioVersion = 10.0.40219.1
Project("{FAE04EC0-301F-11D3-BF4B-00C04F79EFBC}") = "CalculadoraSimples", "CalculadoraSimples\CalculadoraSimples.csproj", "{94D8C2D0-9656-4515-9599-5CA2F8CE9AA5}"
EndProject
Global
	GlobalSection(SolutionConfigurationPlatforms) = preSolution
		Debug|Any CPU = Debug|Any CPU
		Release|Any CPU = Release|Any CPU
	EndGlobalSection
	GlobalSection(ProjectConfigurationPlatforms) = postSolution
		{94D8C2D0-9656-4515-9599-5CA2F8CE9AA5}.Debug|Any CPU.ActiveCfg = Debug|Any CPU
		{94D8C2D0-9656-4515-9599-5CA2F8CE9AA5}.Debug|Any CPU.Build.0 = Debug|Any CPU
		{94D8C2D0-9656-4515-9599-5CA2F8CE9AA5}.Release|Any CPU.ActiveCfg = Release|Any CPU
		{94D8C2D0-9656-4515-9599-5CA2F8CE9AA5}.Release|Any CPU.Build.0 = Release|Any CPU
	EndGlobalSection
	GlobalSection(SolutionProperties) = preSolution
		HideSolutionNode = FALSE
	EndGlobalSection
	GlobalSection(ExtensibilityGlobals) = postSolution
		SolutionGuid = {EC1A29E8-5A2F-45C2-BD3C-C9F438E173FE}
	EndGlobalSection
EndGlobal
